
Microsoft Visual Studio Solution File, Format Version 12.00
# Visual Studio 2012
Project("{FAE04EC0-301F-11D3-BF4B-00C04F79EFBC}") = "Coding", "Coding\Coding.csproj", "{965E5BC1-B55A-427D-B909-869E9741325D}"
EndProject
Global
	GlobalSection(SolutionConfigurationPlatforms) = preSolution
		Debug|Any CPU = Debug|Any CPU
		Release|Any CPU = Release|Any CPU
	EndGlobalSection
	GlobalSection(ProjectConfigurationPlatforms) = postSolution
		{965E5BC1-B55A-427D-B909-869E9741325D}.Debug|Any CPU.ActiveCfg = Debug|Any CPU
		{965E5BC1-B55A-427D-B909-869E9741325D}.Debug|Any CPU.Build.0 = Debug|Any CPU
		{965E5BC1-B55A-427D-B909-869E9741325D}.Release|Any CPU.ActiveCfg = Release|Any CPU
		{965E5BC1-B55A-427D-B909-869E9741325D}.Release|Any CPU.Build.0 = Release|Any CPU
	EndGlobalSection
	GlobalSection(SolutionProperties) = preSolution
		HideSolutionNode = FALSE
	EndGlobalSection
EndGlobal
